
Microsoft Visual Studio Solution File, Format Version 12.00
# Visual Studio 2012
Project("{FAE04EC0-301F-11D3-BF4B-00C04F79EFBC}") = "RecyclerView.Presenter", "Xamarin.Android.RecyclerView.Presenter\RecyclerView.Presenter.csproj", "{47EB3338-510B-4B16-A2C3-7F450822ACDA}"
EndProject
Global
	GlobalSection(SolutionConfigurationPlatforms) = preSolution
		Debug|Any CPU = Debug|Any CPU
		Release|Any CPU = Release|Any CPU
	EndGlobalSection
	GlobalSection(ProjectConfigurationPlatforms) = postSolution
		{47EB3338-510B-4B16-A2C3-7F450822ACDA}.Debug|Any CPU.ActiveCfg = Debug|Any CPU
		{47EB3338-510B-4B16-A2C3-7F450822ACDA}.Debug|Any CPU.Build.0 = Debug|Any CPU
		{47EB3338-510B-4B16-A2C3-7F450822ACDA}.Release|Any CPU.ActiveCfg = Release|Any CPU
		{47EB3338-510B-4B16-A2C3-7F450822ACDA}.Release|Any CPU.Build.0 = Release|Any CPU
	EndGlobalSection
EndGlobal
